{
  "version": 4,
  "terraform_version": "0.12.13",
  "serial": 18,
  "lineage": "6ec58ec8-3d8a-b7cb-e7b1-858ba9848058",
  "outputs": {},
  "resources": [
    {
      "mode": "managed",
      "type": "aws_codebuild_project",
      "name": "tacentreactbuild",
      "provider": "provider.aws",
      "instances": [
        {
          "schema_version": 0,
          "attributes": {
            "arn": "arn:aws:codebuild:ap-southeast-2:827121512107:project/tacentreactbuild",
            "artifacts": [
              {
                "artifact_identifier": "",
                "encryption_disabled": false,
                "location": "app.tacent.io",
                "name": "tacentreactbuild",
                "namespace_type": "NONE",
                "override_artifact_name": false,
                "packaging": "NONE",
                "path": "build/*",
                "type": "S3"
              }
            ],
            "badge_enabled": false,
            "badge_url": "",
            "build_timeout": 5,
            "cache": [
              {
                "location": "",
                "modes": [],
                "type": "NO_CACHE"
              }
            ],
            "description": "",
            "encryption_key": "arn:aws:kms:ap-southeast-2:827121512107:alias/aws/s3",
            "environment": [
              {
                "certificate": "",
                "compute_type": "BUILD_GENERAL1_SMALL",
                "environment_variable": [
                  {
                    "name": "S3_BUCKET",
                    "type": "PLAINTEXT",
                    "value": "s3://app.tacent.io"
                  },
                  {
                    "name": "REACT_APP_STAGE",
                    "type": "PLAINTEXT",
                    "value": "production"
                  }
                ],
                "image": "aws/codebuild/nodejs:10.1.0",
                "image_pull_credentials_type": "CODEBUILD",
                "privileged_mode": false,
                "registry_credential": [],
                "type": "LINUX_CONTAINER"
              }
            ],
            "id": "arn:aws:codebuild:ap-southeast-2:827121512107:project/tacentreactbuild",
            "logs_config": [
              {
                "cloudwatch_logs": [
                  {
                    "group_name": "",
                    "status": "ENABLED",
                    "stream_name": ""
                  }
                ],
                "s3_logs": [
                  {
                    "encryption_disabled": false,
                    "location": "",
                    "status": "DISABLED"
                  }
                ]
              }
            ],
            "name": "tacentreactbuild",
            "queued_timeout": 480,
            "secondary_artifacts": [],
            "secondary_sources": [],
            "service_role": "arn:aws:iam::827121512107:role/CodeBuild",
            "source": [
              {
                "auth": [],
                "buildspec": "",
                "git_clone_depth": 1,
                "git_submodules_config": [],
                "insecure_ssl": null,
                "location": "https://github.com/danielmoore-info/EncompassUI.git",
                "report_build_status": null,
                "type": "GITHUB"
              }
            ],
            "source_version": "",
            "tags": null,
            "vpc_config": []
          },
          "private": "bnVsbA==",
          "depends_on": [
            "aws_iam_role.CodeBuild",
            "aws_s3_bucket.app_tacent_io"
          ]
        }
      ]
    },
    {
      "mode": "managed",
      "type": "aws_codebuild_webhook",
      "name": "example",
      "provider": "provider.aws",
      "instances": [
        {
          "schema_version": 0,
          "attributes": {
            "branch_filter": "",
            "filter_group": [
              {
                "filter": [
                  {
                    "exclude_matched_pattern": false,
                    "pattern": "PUSH",
                    "type": "EVENT"
                  },
                  {
                    "exclude_matched_pattern": false,
                    "pattern": "master",
                    "type": "HEAD_REF"
                  }
                ]
              }
            ],
            "id": "tacentreactbuild",
            "payload_url": "https://codebuild.ap-southeast-2.amazonaws.com/webhooks?t=eyJlbmNyeXB0ZWREYXRhIjoibzhUSzNUQ2xtMXpnQ21pZW5kS0MvaWw4RzJmenBSdzZCa1lyd0JlM1pkV0RIR2lZZ0NWbm5yam10UG1TNS9wbXQrOHBWZk9XSWlCSUh1TnVSUGVSQThFPSIsIml2UGFyYW1ldGVyU3BlYyI6IkNOeU9Scm83L3RJdHpNYVciLCJtYXRlcmlhbFNldFNlcmlhbCI6MX0%3D\u0026v=1",
            "project_name": "tacentreactbuild",
            "secret": "",
            "url": "https://api.github.com/repos/danielmoore-info/EncompassUI/hooks/186263750"
          },
          "private": "bnVsbA==",
          "depends_on": [
            "aws_codebuild_project.tacentreactbuild"
          ]
        }
      ]
    },
    {
      "mode": "managed",
      "type": "aws_iam_role",
      "name": "CodeBuild",
      "provider": "provider.aws",
      "instances": [
        {
          "schema_version": 0,
          "attributes": {
            "arn": "arn:aws:iam::827121512107:role/CodeBuild",
            "assume_role_policy": "{\"Version\":\"2012-10-17\",\"Statement\":[{\"Effect\":\"Allow\",\"Principal\":{\"Service\":\"codebuild.amazonaws.com\"},\"Action\":\"sts:AssumeRole\"}]}",
            "create_date": "2020-02-23T09:54:31Z",
            "description": "",
            "force_detach_policies": false,
            "id": "CodeBuild",
            "max_session_duration": 3600,
            "name": "CodeBuild",
            "name_prefix": null,
            "path": "/",
            "permissions_boundary": null,
            "tags": null,
            "unique_id": "AROA4BFCIV2VQMOAVHMD6"
          },
          "private": "bnVsbA=="
        }
      ]
    },
    {
      "mode": "managed",
      "type": "aws_iam_role_policy",
      "name": "codebuildpolicy",
      "provider": "provider.aws",
      "instances": [
        {
          "schema_version": 0,
          "attributes": {
            "id": "CodeBuild:terraform-20200223095429432300000001",
            "name": "terraform-20200223095429432300000001",
            "name_prefix": null,
            "policy": "{\n    \"Version\": \"2012-10-17\",\n    \"Statement\": [\n        {\n            \"Effect\": \"Allow\",\n            \"Resource\": [\n                \"*\"\n            ],\n            \"Action\": [\n                \"logs:CreateLogGroup\",\n                \"logs:CreateLogStream\",\n                \"logs:PutLogEvents\"                   \n            ]\n        },\n        {\n            \"Effect\": \"Allow\",\n            \"Action\": [\n                \"s3:*\"\n            ],\n            \"Resource\": [\n                \"arn:aws:s3:::app.tacent.io\",\n                \"arn:aws:s3:::app.tacent.io/*\"\n            ]\n        },\n        {\n            \"Action\": [\n                \"ecr:BatchCheckLayerAvailability\",\n                \"ecr:CompleteLayerUpload\",\n                \"ecr:GetAuthorizationToken\",\n                \"ecr:InitiateLayerUpload\",\n                \"ecr:PutImage\",\n                \"ecr:UploadLayerPart\"                \n            ],\n            \"Resource\": \"*\",\n            \"Effect\": \"Allow\"\n        }\n    ]\n}\n",
            "role": "CodeBuild"
          },
          "private": "bnVsbA==",
          "depends_on": [
            "aws_iam_role.CodeBuild",
            "aws_s3_bucket.app_tacent_io"
          ]
        }
      ]
    },
    {
      "mode": "managed",
      "type": "aws_s3_bucket",
      "name": "app_tacent_io",
      "provider": "provider.aws",
      "instances": [
        {
          "schema_version": 0,
          "attributes": {
            "acceleration_status": "",
            "acl": "public-read",
            "arn": "arn:aws:s3:::app.tacent.io",
            "bucket": "app.tacent.io",
            "bucket_domain_name": "app.tacent.io.s3.amazonaws.com",
            "bucket_prefix": null,
            "bucket_regional_domain_name": "app.tacent.io.s3.ap-southeast-2.amazonaws.com",
            "cors_rule": [],
            "force_destroy": false,
            "hosted_zone_id": "Z1WCIGYICN2BYD",
            "id": "app.tacent.io",
            "lifecycle_rule": [],
            "logging": [],
            "object_lock_configuration": [],
            "policy": "{\"Statement\":[{\"Action\":\"s3:GetObject\",\"Effect\":\"Allow\",\"Principal\":\"*\",\"Resource\":\"arn:aws:s3:::app.tacent.io/*\",\"Sid\":\"PublicReadGetObject\"}],\"Version\":\"2012-10-17\"}",
            "region": "ap-southeast-2",
            "replication_configuration": [],
            "request_payer": "BucketOwner",
            "server_side_encryption_configuration": [],
            "tags": null,
            "versioning": [
              {
                "enabled": false,
                "mfa_delete": false
              }
            ],
            "website": [
              {
                "error_document": "index.html",
                "index_document": "index.html",
                "redirect_all_requests_to": "",
                "routing_rules": ""
              }
            ],
            "website_domain": "s3-website-ap-southeast-2.amazonaws.com",
            "website_endpoint": "app.tacent.io.s3-website-ap-southeast-2.amazonaws.com"
          },
          "private": "bnVsbA=="
        }
      ]
    }
  ]
}
